
Microsoft Visual Studio Solution File, Format Version 12.00
# Visual Studio Version 17
VisualStudioVersion = 17.5.33424.131
MinimumVisualStudioVersion = 10.0.40219.1
Project("{FAE04EC0-301F-11D3-BF4B-00C04F79EFBC}") = "ParcialI", "ParcialI\ParcialI.csproj", "{2891F000-32CC-4001-9CAB-E1188600C5E4}"
EndProject
Global
	GlobalSection(SolutionConfigurationPlatforms) = preSolution
		Debug|Any CPU = Debug|Any CPU
		Release|Any CPU = Release|Any CPU
	EndGlobalSection
	GlobalSection(ProjectConfigurationPlatforms) = postSolution
		{2891F000-32CC-4001-9CAB-E1188600C5E4}.Debug|Any CPU.ActiveCfg = Debug|Any CPU
		{2891F000-32CC-4001-9CAB-E1188600C5E4}.Debug|Any CPU.Build.0 = Debug|Any CPU
		{2891F000-32CC-4001-9CAB-E1188600C5E4}.Release|Any CPU.ActiveCfg = Release|Any CPU
		{2891F000-32CC-4001-9CAB-E1188600C5E4}.Release|Any CPU.Build.0 = Release|Any CPU
	EndGlobalSection
	GlobalSection(SolutionProperties) = preSolution
		HideSolutionNode = FALSE
	EndGlobalSection
	GlobalSection(ExtensibilityGlobals) = postSolution
		SolutionGuid = {C2CF4B51-70DB-4870-A04D-96DA0E96D4A3}
	EndGlobalSection
EndGlobal
